
Microsoft Visual Studio Solution File, Format Version 12.00
# Visual Studio 2013
VisualStudioVersion = 12.0.31101.0
MinimumVisualStudioVersion = 10.0.40219.1
Project("{FAE04EC0-301F-11D3-BF4B-00C04F79EFBC}") = "OpenTKLib", "OpenTKLib\OpenTKLib.csproj", "{DF1F2330-134C-4EC6-A97C-3011D3072F0A}"
EndProject
Project("{FAE04EC0-301F-11D3-BF4B-00C04F79EFBC}") = "ICPLib", "ICPLib\ICPLib.csproj", "{6D5DD977-AA82-41F2-8DBE-929B48CB190B}"
EndProject
Project("{FAE04EC0-301F-11D3-BF4B-00C04F79EFBC}") = "UnitTestsICP", "UnitTestsICP\UnitTestsICP.csproj", "{6AF79162-C28E-4251-9DBB-5A37E58F33B4}"
EndProject
Project("{FAE04EC0-301F-11D3-BF4B-00C04F79EFBC}") = "MIConvexHull", "MIConvexHull\MIConvexHull.csproj", "{2337776D-7D0C-40AA-A439-C26C3CE24FAB}"
EndProject
Global
	GlobalSection(SolutionConfigurationPlatforms) = preSolution
		Debug|Any CPU = Debug|Any CPU
		Debug|Mixed Platforms = Debug|Mixed Platforms
		Debug|x64 = Debug|x64
		Release|Any CPU = Release|Any CPU
		Release|Mixed Platforms = Release|Mixed Platforms
		Release|x64 = Release|x64
		Release-Signed|Any CPU = Release-Signed|Any CPU
		Release-Signed|Mixed Platforms = Release-Signed|Mixed Platforms
		Release-Signed|x64 = Release-Signed|x64
	EndGlobalSection
	GlobalSection(ProjectConfigurationPlatforms) = postSolution
		{DF1F2330-134C-4EC6-A97C-3011D3072F0A}.Debug|Any CPU.ActiveCfg = Debug|Any CPU
		{DF1F2330-134C-4EC6-A97C-3011D3072F0A}.Debug|Any CPU.Build.0 = Debug|Any CPU
		{DF1F2330-134C-4EC6-A97C-3011D3072F0A}.Debug|Mixed Platforms.ActiveCfg = Debug|Any CPU
		{DF1F2330-134C-4EC6-A97C-3011D3072F0A}.Debug|Mixed Platforms.Build.0 = Debug|Any CPU
		{DF1F2330-134C-4EC6-A97C-3011D3072F0A}.Debug|x64.ActiveCfg = Debug|Any CPU
		{DF1F2330-134C-4EC6-A97C-3011D3072F0A}.Release|Any CPU.ActiveCfg = Release|Any CPU
		{DF1F2330-134C-4EC6-A97C-3011D3072F0A}.Release|Any CPU.Build.0 = Release|Any CPU
		{DF1F2330-134C-4EC6-A97C-3011D3072F0A}.Release|Mixed Platforms.ActiveCfg = Release|Any CPU
		{DF1F2330-134C-4EC6-A97C-3011D3072F0A}.Release|Mixed Platforms.Build.0 = Release|Any CPU
		{DF1F2330-134C-4EC6-A97C-3011D3072F0A}.Release|x64.ActiveCfg = Release|Any CPU
		{DF1F2330-134C-4EC6-A97C-3011D3072F0A}.Release-Signed|Any CPU.ActiveCfg = Release|Any CPU
		{DF1F2330-134C-4EC6-A97C-3011D3072F0A}.Release-Signed|Any CPU.Build.0 = Release|Any CPU
		{DF1F2330-134C-4EC6-A97C-3011D3072F0A}.Release-Signed|Mixed Platforms.ActiveCfg = Release|Any CPU
		{DF1F2330-134C-4EC6-A97C-3011D3072F0A}.Release-Signed|Mixed Platforms.Build.0 = Release|Any CPU
		{DF1F2330-134C-4EC6-A97C-3011D3072F0A}.Release-Signed|x64.ActiveCfg = Release|Any CPU
		{6D5DD977-AA82-41F2-8DBE-929B48CB190B}.Debug|Any CPU.ActiveCfg = Debug|Any CPU
		{6D5DD977-AA82-41F2-8DBE-929B48CB190B}.Debug|Any CPU.Build.0 = Debug|Any CPU
		{6D5DD977-AA82-41F2-8DBE-929B48CB190B}.Debug|Mixed Platforms.ActiveCfg = Debug|Any CPU
		{6D5DD977-AA82-41F2-8DBE-929B48CB190B}.Debug|Mixed Platforms.Build.0 = Debug|Any CPU
		{6D5DD977-AA82-41F2-8DBE-929B48CB190B}.Debug|x64.ActiveCfg = Debug|Any CPU
		{6D5DD977-AA82-41F2-8DBE-929B48CB190B}.Release|Any CPU.ActiveCfg = Release|Any CPU
		{6D5DD977-AA82-41F2-8DBE-929B48CB190B}.Release|Any CPU.Build.0 = Release|Any CPU
		{6D5DD977-AA82-41F2-8DBE-929B48CB190B}.Release|Mixed Platforms.ActiveCfg = Release|Any CPU
		{6D5DD977-AA82-41F2-8DBE-929B48CB190B}.Release|Mixed Platforms.Build.0 = Release|Any CPU
		{6D5DD977-AA82-41F2-8DBE-929B48CB190B}.Release|x64.ActiveCfg = Release|Any CPU
		{6D5DD977-AA82-41F2-8DBE-929B48CB190B}.Release-Signed|Any CPU.ActiveCfg = Release|Any CPU
		{6D5DD977-AA82-41F2-8DBE-929B48CB190B}.Release-Signed|Any CPU.Build.0 = Release|Any CPU
		{6D5DD977-AA82-41F2-8DBE-929B48CB190B}.Release-Signed|Mixed Platforms.ActiveCfg = Release|Any CPU
		{6D5DD977-AA82-41F2-8DBE-929B48CB190B}.Release-Signed|Mixed Platforms.Build.0 = Release|Any CPU
		{6D5DD977-AA82-41F2-8DBE-929B48CB190B}.Release-Signed|x64.ActiveCfg = Release|Any CPU
		{6AF79162-C28E-4251-9DBB-5A37E58F33B4}.Debug|Any CPU.ActiveCfg = Debug|Any CPU
		{6AF79162-C28E-4251-9DBB-5A37E58F33B4}.Debug|Any CPU.Build.0 = Debug|Any CPU
		{6AF79162-C28E-4251-9DBB-5A37E58F33B4}.Debug|Mixed Platforms.ActiveCfg = Debug|Any CPU
		{6AF79162-C28E-4251-9DBB-5A37E58F33B4}.Debug|Mixed Platforms.Build.0 = Debug|Any CPU
		{6AF79162-C28E-4251-9DBB-5A37E58F33B4}.Debug|x64.ActiveCfg = Debug|Any CPU
		{6AF79162-C28E-4251-9DBB-5A37E58F33B4}.Release|Any CPU.ActiveCfg = Release|Any CPU
		{6AF79162-C28E-4251-9DBB-5A37E58F33B4}.Release|Any CPU.Build.0 = Release|Any CPU
		{6AF79162-C28E-4251-9DBB-5A37E58F33B4}.Release|Mixed Platforms.ActiveCfg = Release|Any CPU
		{6AF79162-C28E-4251-9DBB-5A37E58F33B4}.Release|Mixed Platforms.Build.0 = Release|Any CPU
		{6AF79162-C28E-4251-9DBB-5A37E58F33B4}.Release|x64.ActiveCfg = Release|Any CPU
		{6AF79162-C28E-4251-9DBB-5A37E58F33B4}.Release-Signed|Any CPU.ActiveCfg = Release|Any CPU
		{6AF79162-C28E-4251-9DBB-5A37E58F33B4}.Release-Signed|Any CPU.Build.0 = Release|Any CPU
		{6AF79162-C28E-4251-9DBB-5A37E58F33B4}.Release-Signed|Mixed Platforms.ActiveCfg = Release|Any CPU
		{6AF79162-C28E-4251-9DBB-5A37E58F33B4}.Release-Signed|Mixed Platforms.Build.0 = Release|Any CPU
		{6AF79162-C28E-4251-9DBB-5A37E58F33B4}.Release-Signed|x64.ActiveCfg = Release|Any CPU
		{2337776D-7D0C-40AA-A439-C26C3CE24FAB}.Debug|Any CPU.ActiveCfg = Debug|Any CPU
		{2337776D-7D0C-40AA-A439-C26C3CE24FAB}.Debug|Any CPU.Build.0 = Debug|Any CPU
		{2337776D-7D0C-40AA-A439-C26C3CE24FAB}.Debug|Mixed Platforms.ActiveCfg = Debug|Any CPU
		{2337776D-7D0C-40AA-A439-C26C3CE24FAB}.Debug|Mixed Platforms.Build.0 = Debug|Any CPU
		{2337776D-7D0C-40AA-A439-C26C3CE24FAB}.Debug|x64.ActiveCfg = Debug|Any CPU
		{2337776D-7D0C-40AA-A439-C26C3CE24FAB}.Release|Any CPU.ActiveCfg = Release|Any CPU
		{2337776D-7D0C-40AA-A439-C26C3CE24FAB}.Release|Any CPU.Build.0 = Release|Any CPU
		{2337776D-7D0C-40AA-A439-C26C3CE24FAB}.Release|Mixed Platforms.ActiveCfg = Release|Any CPU
		{2337776D-7D0C-40AA-A439-C26C3CE24FAB}.Release|Mixed Platforms.Build.0 = Release|Any CPU
		{2337776D-7D0C-40AA-A439-C26C3CE24FAB}.Release|x64.ActiveCfg = Release|Any CPU
		{2337776D-7D0C-40AA-A439-C26C3CE24FAB}.Release-Signed|Any CPU.ActiveCfg = Release|Any CPU
		{2337776D-7D0C-40AA-A439-C26C3CE24FAB}.Release-Signed|Any CPU.Build.0 = Release|Any CPU
		{2337776D-7D0C-40AA-A439-C26C3CE24FAB}.Release-Signed|Mixed Platforms.ActiveCfg = Release|Any CPU
		{2337776D-7D0C-40AA-A439-C26C3CE24FAB}.Release-Signed|Mixed Platforms.Build.0 = Release|Any CPU
		{2337776D-7D0C-40AA-A439-C26C3CE24FAB}.Release-Signed|x64.ActiveCfg = Release|Any CPU
	EndGlobalSection
	GlobalSection(SolutionProperties) = preSolution
		HideSolutionNode = FALSE
	EndGlobalSection
EndGlobal
